{
  "name": "OliverBenji",
  "lockfileVersion": 2,
  "requires": true,
  "packages": {
    "": {
      "dependencies": {
        "html5-boilerplate": "^9.0.0"
      }
    },
    "node_modules/html5-boilerplate": {
      "version": "9.0.0",
      "resolved": "https://registry.npmjs.org/html5-boilerplate/-/html5-boilerplate-9.0.0.tgz",
      "integrity": "sha512-hPYWh7F63/83bJ0oyum3UM5tfZmDy+vHvdCbbS0FgWKE2I8adKYnC7VLoJo/gzCI2c8TNuTOyuEGZRUobWlhSw==",
      "engines": {
        "node": ">=16",
        "npm": ">=8"
      }
    }
  },
  "dependencies": {
    "html5-boilerplate": {
      "version": "9.0.0",
      "resolved": "https://registry.npmjs.org/html5-boilerplate/-/html5-boilerplate-9.0.0.tgz",
      "integrity": "sha512-hPYWh7F63/83bJ0oyum3UM5tfZmDy+vHvdCbbS0FgWKE2I8adKYnC7VLoJo/gzCI2c8TNuTOyuEGZRUobWlhSw=="
    }
  }
}
